
Microsoft Visual Studio Solution File, Format Version 12.00
# Visual Studio Version 17
VisualStudioVersion = 17.9.34728.123
MinimumVisualStudioVersion = 10.0.40219.1
Project("{FAE04EC0-301F-11D3-BF4B-00C04F79EFBC}") = "SERVER", "SERVER\SERVER.csproj", "{B7B7BA4F-AE73-42A6-85B6-1B1195346BF0}"
EndProject
Global
	GlobalSection(SolutionConfigurationPlatforms) = preSolution
		Debug|Any CPU = Debug|Any CPU
		Release|Any CPU = Release|Any CPU
	EndGlobalSection
	GlobalSection(ProjectConfigurationPlatforms) = postSolution
		{B7B7BA4F-AE73-42A6-85B6-1B1195346BF0}.Debug|Any CPU.ActiveCfg = Debug|Any CPU
		{B7B7BA4F-AE73-42A6-85B6-1B1195346BF0}.Debug|Any CPU.Build.0 = Debug|Any CPU
		{B7B7BA4F-AE73-42A6-85B6-1B1195346BF0}.Release|Any CPU.ActiveCfg = Release|Any CPU
		{B7B7BA4F-AE73-42A6-85B6-1B1195346BF0}.Release|Any CPU.Build.0 = Release|Any CPU
	EndGlobalSection
	GlobalSection(SolutionProperties) = preSolution
		HideSolutionNode = FALSE
	EndGlobalSection
	GlobalSection(ExtensibilityGlobals) = postSolution
		SolutionGuid = {95EA9443-D950-4694-9DE4-BA60405C09DA}
	EndGlobalSection
EndGlobal
